
Microsoft Visual Studio Solution File, Format Version 12.00
# Visual Studio 15
Project("{FAE04EC0-301F-11D3-BF4B-00C04F79EFBC}") = "Assembly-CSharp", "Assembly-CSharp.csproj", "{254BB445-1913-0374-479E-113F6E6F9DF2}"
EndProject
Project("{FAE04EC0-301F-11D3-BF4B-00C04F79EFBC}") = "Assembly-CSharp-Editor", "Assembly-CSharp-Editor.csproj", "{E105C015-C269-C11F-F397-6260D0A1E429}"
EndProject
Global
	GlobalSection(SolutionConfigurationPlatforms) = preSolution
		Debug|Any CPU = Debug|Any CPU
		Release|Any CPU = Release|Any CPU
	EndGlobalSection
	GlobalSection(ProjectConfigurationPlatforms) = postSolution
		{254BB445-1913-0374-479E-113F6E6F9DF2}.Debug|Any CPU.ActiveCfg = Debug|Any CPU
		{254BB445-1913-0374-479E-113F6E6F9DF2}.Debug|Any CPU.Build.0 = Debug|Any CPU
		{254BB445-1913-0374-479E-113F6E6F9DF2}.Release|Any CPU.ActiveCfg = Release|Any CPU
		{254BB445-1913-0374-479E-113F6E6F9DF2}.Release|Any CPU.Build.0 = Release|Any CPU
		{E105C015-C269-C11F-F397-6260D0A1E429}.Debug|Any CPU.ActiveCfg = Debug|Any CPU
		{E105C015-C269-C11F-F397-6260D0A1E429}.Debug|Any CPU.Build.0 = Debug|Any CPU
		{E105C015-C269-C11F-F397-6260D0A1E429}.Release|Any CPU.ActiveCfg = Release|Any CPU
		{E105C015-C269-C11F-F397-6260D0A1E429}.Release|Any CPU.Build.0 = Release|Any CPU
	EndGlobalSection
	GlobalSection(SolutionProperties) = preSolution
		HideSolutionNode = FALSE
	EndGlobalSection
EndGlobal
